<?xml version="1.0" encoding="utf-8"?>
<Project ToolsVersion="4.0" xmlns="http://schemas.microsoft.com/developer/msbuild/2003">
  <ItemGroup>
    <ClCompile Include="App\app.cpp">
      <Filter>API</Filter>
    </ClCompile>
    <ClCompile Include="App\main.cpp">
      <Filter>API</Filter>
    </ClCompile>
    <ClCompile Include="stdafx.cpp">
      <Filter>API</Filter>
    </ClCompile>
    <ClCompile Include="App\SimpleSprite.cpp">
      <Filter>API</Filter>
    </ClCompile>
    <ClCompile Include="App\SimpleSound.cpp">
      <Filter>API</Filter>
    </ClCompile>
    <ClCompile Include="App\SimpleController.cpp">
      <Filter>API</Filter>
    </ClCompile>
    <ClCompile Include="App\TextureLoader.cpp">
      <Filter>API</Filter>
    </ClCompile>
    <ClCompile Include="Game.cpp" />
    <ClCompile Include="SceneStateMachine.cpp" />
    <ClCompile Include="SceneMainMenu.cpp" />
    <ClCompile Include="SceneGame.cpp" />
    <ClCompile Include="Protagonist.cpp" />
    <ClCompile Include="Bullet.cpp" />
    <ClCompile Include="Enemy.cpp" />
    <ClCompile Include="SceneEndScreen.cpp" />
    <ClCompile Include="SceneExposition.cpp" />
    <ClCompile Include="SceneLostGame.cpp" />
  </ItemGroup>
  <ItemGroup>
    <ClInclude Include="App\app.h">
      <Filter>API</Filter>
    </ClInclude>
    <ClInclude Include="App\AppSettings.h">
      <Filter>API</Filter>
    </ClInclude>
    <ClInclude Include="App\main.h">
      <Filter>API</Filter>
    </ClInclude>
    <ClInclude Include="targetver.h">
      <Filter>API</Filter>
    </ClInclude>
    <ClInclude Include="stdafx.h">
      <Filter>API</Filter>
    </ClInclude>
    <ClInclude Include="App\SimpleSprite.h">
      <Filter>API</Filter>
    </ClInclude>
    <ClInclude Include="App\SimpleSound.h">
      <Filter>API</Filter>
    </ClInclude>
    <ClInclude Include="App\SimpleController.h">
      <Filter>API</Filter>
    </ClInclude>
    <ClInclude Include="App\TextureLoader.h">
      <Filter>API</Filter>
    </ClInclude>
    <ClInclude Include="GameObject.h" />
    <ClInclude Include="Protagonist.h" />
    <ClInclude Include="Bullet.h" />
    <ClInclude Include="Enemy.h" />
    <ClInclude Include="SceneEndScreen.h" />
    <ClInclude Include="SceneExposition.h" />
    <ClInclude Include="SceneLostGame.h" />
    <ClInclude Include="SceneGame.h" />
    <ClInclude Include="SceneMainMenu.h" />
    <ClInclude Include="SceneStateMachine.h" />
    <ClInclude Include="Scene.h" />
  </ItemGroup>
  <ItemGroup>
    <Text Include="ReadMe.txt" />
  </ItemGroup>
  <ItemGroup>
    <Filter Include="API">
      <UniqueIdentifier>{3e1485bf-3449-4966-8760-976ee866544b}</UniqueIdentifier>
    </Filter>
  </ItemGroup>
</Project>